{
  "name": "my-app",
  "version": "0.1.0",
  "lockfileVersion": 1,
  "requires": true,
  "dependencies": {
    "@babel/helper-module-imports": {
      "version": "7.0.0-beta.34",
      "resolved": "https://registry.npmjs.org/@babel/helper-module-imports/-/helper-module-imports-7.0.0-beta.34.tgz",
      "integrity": "sha512-wlVrm72pIv+Vw4GF3KdQnklzCkL8nDOEyjnTtmeYpSAfawQwXXE/tvXw7uUW2Ut8PCde+nGuqfATMaD4hIUSRw==",
      "requires": {
        "@babel/types": "7.0.0-beta.34",
        "lodash": "4.17.4"
      }
    },
    "@babel/types": {
      "version": "7.0.0-beta.34",
      "resolved": "https://registry.npmjs.org/@babel/types/-/types-7.0.0-beta.34.tgz",
      "integrity": "sha512-KD5CF1dmZE8i9ggW9L+YSak7j+b3YTGQZUs9WMF6tgG/aw2x/VhTxfooqXR0Bbfzkb5M6WGiTHbzCmx8ll4tQQ==",
      "requires": {
        "esutils": "2.0.2",
        "lodash": "4.17.4",
        "to-fast-properties": "2.0.0"
      }
    },
    "accepts": {
      "version": "1.3.4",
      "resolved": "https://registry.npmjs.org/accepts/-/accepts-1.3.4.tgz",
      "integrity": "sha1-hiRnWMfdbSGmR0/whKR0DsBesh8=",
      "requires": {
        "mime-types": "2.1.17",
        "negotiator": "0.6.1"
      }
    },
    "add-dom-event-listener": {
      "version": "1.0.2",
      "resolved": "https://registry.npmjs.org/add-dom-event-listener/-/add-dom-event-listener-1.0.2.tgz",
      "integrity": "sha1-j67SxBAIchzxEdodMNmVuFvkK+0=",
      "requires": {
        "object-assign": "4.1.1"
      }
    },
    "antd-mobile": {
      "version": "2.0.1-alpha.0",
      "resolved": "https://registry.npmjs.org/antd-mobile/-/antd-mobile-2.0.1-alpha.0.tgz",
      "integrity": "sha512-/CcHL5DODEr3QEIHrjl9OgictFBQ0xZtllukeZPUJlN5FTl6avD+zhQmLK5F8MPM+pAN6Ly6Egu2GB7Nbj18eQ==",
      "requires": {
        "array-tree-filter": "1.0.1",
        "babel-runtime": "6.26.0",
        "classnames": "2.2.5",
        "normalize.css": "7.0.0",
        "rc-checkbox": "2.0.3",
        "rc-collapse": "1.7.6",
        "rc-drawer": "0.4.11",
        "rc-notification": "3.0.0",
        "rc-slider": "8.2.0",
        "rc-swipeout": "2.0.4",
        "react-native-camera-roll-picker": "1.2.3",
        "react-native-collapsible": "0.9.0",
        "react-native-drawer-layout": "1.3.2",
        "react-native-menu": "0.23.0",
        "rmc-calendar": "1.1.2",
        "rmc-cascader": "5.0.0",
        "rmc-date-picker": "6.0.5",
        "rmc-dialog": "1.0.6",
        "rmc-feedback": "1.0.3",
        "rmc-input-number": "1.0.4",
        "rmc-list-view": "0.11.4",
        "rmc-nuka-carousel": "3.0.1",
        "rmc-picker": "5.0.4",
        "rmc-pull-to-refresh": "1.0.6",
        "rmc-steps": "1.0.0",
        "rmc-tabs": "1.2.22",
        "rmc-tooltip": "1.0.1",
        "rn-topview": "0.1.6"
      }
    },
    "array-flatten": {
      "version": "1.1.1",
      "resolved": "https://registry.npmjs.org/array-flatten/-/array-flatten-1.1.1.tgz",
      "integrity": "sha1-ml9pkFGx5wczKPKgCJaLZOopVdI="
    },
    "array-tree-filter": {
      "version": "1.0.1",
      "resolved": "https://registry.npmjs.org/array-tree-filter/-/array-tree-filter-1.0.1.tgz",
      "integrity": "sha1-CorR7v04zoiFhjL5zAQj12NOTV0="
    },
    "asap": {
      "version": "2.0.6",
      "resolved": "https://registry.npmjs.org/asap/-/asap-2.0.6.tgz",
      "integrity": "sha1-5QNHYR1+aQlDIIu9r+vLwvuGbUY="
    },
    "async": {
      "version": "2.1.4",
      "resolved": "https://registry.npmjs.org/async/-/async-2.1.4.tgz",
      "integrity": "sha1-LSFgx3iAMuTdbL4lAvH5osj2zeQ=",
      "requires": {
        "lodash": "4.17.4"
      }
    },
    "babel-plugin-import": {
      "version": "1.6.3",
      "resolved": "https://registry.npmjs.org/babel-plugin-import/-/babel-plugin-import-1.6.3.tgz",
      "integrity": "sha512-xnmyDxFLOExGpbmSjBnBFXQbviFgLTc19t0AXlAjNM6s8dan55CTLMe4LXMBaL08X4ITX9rBsohb47WmpelezA==",
      "requires": {
        "@babel/helper-module-imports": "7.0.0-beta.34"
      }
    },
    "babel-runtime": {
      "version": "6.26.0",
      "resolved": "https://registry.npmjs.org/babel-runtime/-/babel-runtime-6.26.0.tgz",
      "integrity": "sha1-llxwWGaOgrVde/4E/yM3vItWR/4=",
      "requires": {
        "core-js": "2.5.3",
        "regenerator-runtime": "0.11.1"
      }
    },
    "bluebird": {
      "version": "3.5.0",
      "resolved": "https://registry.npmjs.org/bluebird/-/bluebird-3.5.0.tgz",
      "integrity": "sha1-eRQg1/VR7qKJdFOop3ZT+WYG1nw="
    },
    "body-parser": {
      "version": "1.18.2",
      "resolved": "https://registry.npmjs.org/body-parser/-/body-parser-1.18.2.tgz",
      "integrity": "sha1-h2eKGdhLR9hZuDGZvVm84iKxBFQ=",
      "requires": {
        "bytes": "3.0.0",
        "content-type": "1.0.4",
        "debug": "2.6.9",
        "depd": "1.1.1",
        "http-errors": "1.6.2",
        "iconv-lite": "0.4.19",
        "on-finished": "2.3.0",
        "qs": "6.5.1",
        "raw-body": "2.3.2",
        "type-is": "1.6.15"
      }
    },
    "bson": {
      "version": "1.0.4",
      "resolved": "https://registry.npmjs.org/bson/-/bson-1.0.4.tgz",
      "integrity": "sha1-k8ENOeqltYQVy8QFLz5T5WKwtyw="
    },
    "buffer-shims": {
      "version": "1.0.0",
      "resolved": "https://registry.npmjs.org/buffer-shims/-/buffer-shims-1.0.0.tgz",
      "integrity": "sha1-mXjOMXOIxkmth5MCjDR37wRKi1E="
    },
    "bytes": {
      "version": "3.0.0",
      "resolved": "https://registry.npmjs.org/bytes/-/bytes-3.0.0.tgz",
      "integrity": "sha1-0ygVQE1olpn4Wk6k+odV3ROpYEg="
    },
    "classnames": {
      "version": "2.2.5",
      "resolved": "https://registry.npmjs.org/classnames/-/classnames-2.2.5.tgz",
      "integrity": "sha1-+zgB1FNGdknvNgPH1hoCvRKb3m0="
    },
    "component-classes": {
      "version": "1.2.6",
      "resolved": "https://registry.npmjs.org/component-classes/-/component-classes-1.2.6.tgz",
      "integrity": "sha1-xkI5TDYYpNiwuJGe/Mu9kw5c1pE=",
      "requires": {
        "component-indexof": "0.0.3"
      }
    },
    "component-indexof": {
      "version": "0.0.3",
      "resolved": "https://registry.npmjs.org/component-indexof/-/component-indexof-0.0.3.tgz",
      "integrity": "sha1-EdCRMSI5648yyPJa6csAL/6NPCQ="
    },
    "content-disposition": {
      "version": "0.5.2",
      "resolved": "https://registry.npmjs.org/content-disposition/-/content-disposition-0.5.2.tgz",
      "integrity": "sha1-DPaLud318r55YcOoUXjLhdunjLQ="
    },
    "content-type": {
      "version": "1.0.4",
      "resolved": "https://registry.npmjs.org/content-type/-/content-type-1.0.4.tgz",
      "integrity": "sha512-hIP3EEPs8tB9AT1L+NUqtwOAps4mk2Zob89MWXMHjHWg9milF/j4osnnQLXBCBFBk/tvIG/tUc9mOUJiPBhPXA=="
    },
    "cookie": {
      "version": "0.3.1",
      "resolved": "https://registry.npmjs.org/cookie/-/cookie-0.3.1.tgz",
      "integrity": "sha1-5+Ch+e9DtMi6klxcWpboBtFoc7s="
    },
    "cookie-signature": {
      "version": "1.0.6",
      "resolved": "https://registry.npmjs.org/cookie-signature/-/cookie-signature-1.0.6.tgz",
      "integrity": "sha1-4wOogrNCzD7oylE6eZmXNNqzriw="
    },
    "core-js": {
      "version": "2.5.3",
      "resolved": "https://registry.npmjs.org/core-js/-/core-js-2.5.3.tgz",
      "integrity": "sha1-isw4NFgk8W2DZbfJtCWRaOjtYD4="
    },
    "core-util-is": {
      "version": "1.0.2",
      "resolved": "https://registry.npmjs.org/core-util-is/-/core-util-is-1.0.2.tgz",
      "integrity": "sha1-tf1UIgqivFq1eqtxQMlAdUUDwac="
    },
    "create-react-class": {
      "version": "15.6.2",
      "resolved": "https://registry.npmjs.org/create-react-class/-/create-react-class-15.6.2.tgz",
      "integrity": "sha1-zx7RXxKq1/FO9fLf4F5sQvke8Co=",
      "requires": {
        "fbjs": "0.8.16",
        "loose-envify": "1.3.1",
        "object-assign": "4.1.1"
      }
    },
    "css-animation": {
      "version": "1.4.1",
      "resolved": "https://registry.npmjs.org/css-animation/-/css-animation-1.4.1.tgz",
      "integrity": "sha1-W4gTEl3g+7uwu+G0cq6EIhRpt6g=",
      "requires": {
        "babel-runtime": "6.26.0",
        "component-classes": "1.2.6"
      }
    },
    "debug": {
      "version": "2.6.9",
      "resolved": "https://registry.npmjs.org/debug/-/debug-2.6.9.tgz",
      "integrity": "sha512-bC7ElrdJaJnPbAP+1EotYvqZsb3ecl5wi6Bfi6BJTUcNowp6cvspg0jXznRTKDjm/E7AdgFBVeAPVMNcKGsHMA==",
      "requires": {
        "ms": "2.0.0"
      }
    },
    "depd": {
      "version": "1.1.1",
      "resolved": "https://registry.npmjs.org/depd/-/depd-1.1.1.tgz",
      "integrity": "sha1-V4O04cRZ8G+lyif5kfPQbnoxA1k="
    },
    "destroy": {
      "version": "1.0.4",
      "resolved": "https://registry.npmjs.org/destroy/-/destroy-1.0.4.tgz",
      "integrity": "sha1-l4hXRCxEdJ5CBmE+N5RiBYJqvYA="
    },
    "dom-align": {
      "version": "1.6.6",
      "resolved": "https://registry.npmjs.org/dom-align/-/dom-align-1.6.6.tgz",
      "integrity": "sha512-yBCGmhzj6SRaeAJlFUK/iMDh6bBpQE7EuChyPnrV8LQFV3vo3XghZw2lgHgj/8o9USFunVlvJ6YXfQWVdGnV8Q=="
    },
    "ee-first": {
      "version": "1.1.1",
      "resolved": "https://registry.npmjs.org/ee-first/-/ee-first-1.1.1.tgz",
      "integrity": "sha1-WQxhFWsK4vTwJVcyoViyZrxWsh0="
    },
    "encodeurl": {
      "version": "1.0.1",
      "resolved": "https://registry.npmjs.org/encodeurl/-/encodeurl-1.0.1.tgz",
      "integrity": "sha1-eePVhlU0aQn+bw9Fpd5oEDspTSA="
    },
    "encoding": {
      "version": "0.1.12",
      "resolved": "https://registry.npmjs.org/encoding/-/encoding-0.1.12.tgz",
      "integrity": "sha1-U4tm8+5izRq1HsMjgp0flIDHS+s=",
      "requires": {
        "iconv-lite": "0.4.19"
      }
    },
    "es6-promise": {
      "version": "3.2.1",
      "resolved": "https://registry.npmjs.org/es6-promise/-/es6-promise-3.2.1.tgz",
      "integrity": "sha1-7FYjOGgDKQkgcXDDlEjiREndH8Q="
    },
    "escape-html": {
      "version": "1.0.3",
      "resolved": "https://registry.npmjs.org/escape-html/-/escape-html-1.0.3.tgz",
      "integrity": "sha1-Aljq5NPQwJdN4cFpGI7wBR0dGYg="
    },
    "esutils": {
      "version": "2.0.2",
      "resolved": "https://registry.npmjs.org/esutils/-/esutils-2.0.2.tgz",
      "integrity": "sha1-Cr9PHKpbyx96nYrMbepPqqBLrJs="
    },
    "etag": {
      "version": "1.8.1",
      "resolved": "https://registry.npmjs.org/etag/-/etag-1.8.1.tgz",
      "integrity": "sha1-Qa4u62XvpiJorr/qg6x9eSmbCIc="
    },
    "exenv": {
      "version": "1.2.2",
      "resolved": "https://registry.npmjs.org/exenv/-/exenv-1.2.2.tgz",
      "integrity": "sha1-KueOhdmJQVhnCwPUe+wfA72Ru50="
    },
    "express": {
      "version": "4.16.2",
      "resolved": "https://registry.npmjs.org/express/-/express-4.16.2.tgz",
      "integrity": "sha1-41xt/i1kt9ygpc1PIXgb4ymeB2w=",
      "requires": {
        "accepts": "1.3.4",
        "array-flatten": "1.1.1",
        "body-parser": "1.18.2",
        "content-disposition": "0.5.2",
        "content-type": "1.0.4",
        "cookie": "0.3.1",
        "cookie-signature": "1.0.6",
        "debug": "2.6.9",
        "depd": "1.1.1",
        "encodeurl": "1.0.1",
        "escape-html": "1.0.3",
        "etag": "1.8.1",
        "finalhandler": "1.1.0",
        "fresh": "0.5.2",
        "merge-descriptors": "1.0.1",
        "methods": "1.1.2",
        "on-finished": "2.3.0",
        "parseurl": "1.3.2",
        "path-to-regexp": "0.1.7",
        "proxy-addr": "2.0.2",
        "qs": "6.5.1",
        "range-parser": "1.2.0",
        "safe-buffer": "5.1.1",
        "send": "0.16.1",
        "serve-static": "1.13.1",
        "setprototypeof": "1.1.0",
        "statuses": "1.3.1",
        "type-is": "1.6.15",
        "utils-merge": "1.0.1",
        "vary": "1.1.2"
      }
    },
    "fbjs": {
      "version": "0.8.16",
      "resolved": "https://registry.npmjs.org/fbjs/-/fbjs-0.8.16.tgz",
      "integrity": "sha1-XmdDL1UNxBtXK/VYR7ispk5TN9s=",
      "requires": {
        "core-js": "1.2.7",
        "isomorphic-fetch": "2.2.1",
        "loose-envify": "1.3.1",
        "object-assign": "4.1.1",
        "promise": "7.3.1",
        "setimmediate": "1.0.5",
        "ua-parser-js": "0.7.17"
      },
      "dependencies": {
        "core-js": {
          "version": "1.2.7",
          "resolved": "https://registry.npmjs.org/core-js/-/core-js-1.2.7.tgz",
          "integrity": "sha1-ZSKUwUZR2yj6k70tX/KYOk8IxjY="
        }
      }
    },
    "finalhandler": {
      "version": "1.1.0",
      "resolved": "https://registry.npmjs.org/finalhandler/-/finalhandler-1.1.0.tgz",
      "integrity": "sha1-zgtoVbRYU+eRsvzGgARtiCU91/U=",
      "requires": {
        "debug": "2.6.9",
        "encodeurl": "1.0.1",
        "escape-html": "1.0.3",
        "on-finished": "2.3.0",
        "parseurl": "1.3.2",
        "statuses": "1.3.1",
        "unpipe": "1.0.0"
      }
    },
    "forwarded": {
      "version": "0.1.2",
      "resolved": "https://registry.npmjs.org/forwarded/-/forwarded-0.1.2.tgz",
      "integrity": "sha1-mMI9qxF1ZXuMBXPozszZGw/xjIQ="
    },
    "fresh": {
      "version": "0.5.2",
      "resolved": "https://registry.npmjs.org/fresh/-/fresh-0.5.2.tgz",
      "integrity": "sha1-PYyt2Q2XZWn6g1qx+OSyOhBWBac="
    },
    "hooks-fixed": {
      "version": "2.0.2",
      "resolved": "https://registry.npmjs.org/hooks-fixed/-/hooks-fixed-2.0.2.tgz",
      "integrity": "sha512-YurCM4gQSetcrhwEtpQHhQ4M7Zo7poNGqY4kQGeBS6eZtOcT3tnNs01ThFa0jYBByAiYt1MjMjP/YApG0EnAvQ=="
    },
    "http-errors": {
      "version": "1.6.2",
      "resolved": "https://registry.npmjs.org/http-errors/-/http-errors-1.6.2.tgz",
      "integrity": "sha1-CgAsyFcHGSp+eUbO7cERVfYOxzY=",
      "requires": {
        "depd": "1.1.1",
        "inherits": "2.0.3",
        "setprototypeof": "1.0.3",
        "statuses": "1.3.1"
      },
      "dependencies": {
        "setprototypeof": {
          "version": "1.0.3",
          "resolved": "https://registry.npmjs.org/setprototypeof/-/setprototypeof-1.0.3.tgz",
          "integrity": "sha1-ZlZ+NwQ+608E2RvWWMDL77VbjgQ="
        }
      }
    },
    "iconv-lite": {
      "version": "0.4.19",
      "resolved": "https://registry.npmjs.org/iconv-lite/-/iconv-lite-0.4.19.tgz",
      "integrity": "sha512-oTZqweIP51xaGPI4uPa56/Pri/480R+mo7SeU+YETByQNhDG55ycFyNLIgta9vXhILrxXDmF7ZGhqZIcuN0gJQ=="
    },
    "inherits": {
      "version": "2.0.3",
      "resolved": "https://registry.npmjs.org/inherits/-/inherits-2.0.3.tgz",
      "integrity": "sha1-Yzwsg+PaQqUC9SRmAiSA9CCCYd4="
    },
    "ipaddr.js": {
      "version": "1.5.2",
      "resolved": "https://registry.npmjs.org/ipaddr.js/-/ipaddr.js-1.5.2.tgz",
      "integrity": "sha1-1LUFvemUaYfM8PxY2QEP+WB+P6A="
    },
    "is-stream": {
      "version": "1.1.0",
      "resolved": "https://registry.npmjs.org/is-stream/-/is-stream-1.1.0.tgz",
      "integrity": "sha1-EtSj3U5o4Lec6428hBc66A2RykQ="
    },
    "isarray": {
      "version": "1.0.0",
      "resolved": "https://registry.npmjs.org/isarray/-/isarray-1.0.0.tgz",
      "integrity": "sha1-u5NdSFgsuhaMBoNJV6VKPgcSTxE="
    },
    "isomorphic-fetch": {
      "version": "2.2.1",
      "resolved": "https://registry.npmjs.org/isomorphic-fetch/-/isomorphic-fetch-2.2.1.tgz",
      "integrity": "sha1-YRrhrPFPXoH3KVB0coGf6XM1WKk=",
      "requires": {
        "node-fetch": "1.7.3",
        "whatwg-fetch": "2.0.3"
      }
    },
    "js-tokens": {
      "version": "3.0.2",
      "resolved": "https://registry.npmjs.org/js-tokens/-/js-tokens-3.0.2.tgz",
      "integrity": "sha1-mGbfOVECEw449/mWvOtlRDIJwls="
    },
    "kareem": {
      "version": "1.5.0",
      "resolved": "https://registry.npmjs.org/kareem/-/kareem-1.5.0.tgz",
      "integrity": "sha1-4+QQHZ3P3imXadr0tNtk2JXRdEg="
    },
    "lodash": {
      "version": "4.17.4",
      "resolved": "https://registry.npmjs.org/lodash/-/lodash-4.17.4.tgz",
      "integrity": "sha1-eCA6TRwyiuHYbcpkYONptX9AVa4="
    },
    "lodash._getnative": {
      "version": "3.9.1",
      "resolved": "https://registry.npmjs.org/lodash._getnative/-/lodash._getnative-3.9.1.tgz",
      "integrity": "sha1-VwvH3t5G1hzc3mh9ZdPuy6o6r/U="
    },
    "lodash.get": {
      "version": "4.4.2",
      "resolved": "https://registry.npmjs.org/lodash.get/-/lodash.get-4.4.2.tgz",
      "integrity": "sha1-LRd/ZS+jHpObRDjVNBSZ36OCXpk="
    },
    "lodash.isarguments": {
      "version": "3.1.0",
      "resolved": "https://registry.npmjs.org/lodash.isarguments/-/lodash.isarguments-3.1.0.tgz",
      "integrity": "sha1-L1c9hcaiQon/AGY7SRwdM4/zRYo="
    },
    "lodash.isarray": {
      "version": "3.0.4",
      "resolved": "https://registry.npmjs.org/lodash.isarray/-/lodash.isarray-3.0.4.tgz",
      "integrity": "sha1-eeTriMNqgSKvhvhEqpvNhRtfu1U="
    },
    "lodash.keys": {
      "version": "3.1.2",
      "resolved": "https://registry.npmjs.org/lodash.keys/-/lodash.keys-3.1.2.tgz",
      "integrity": "sha1-TbwEcrFWvlCgsoaFXRvQsMZWCYo=",
      "requires": {
        "lodash._getnative": "3.9.1",
        "lodash.isarguments": "3.1.0",
        "lodash.isarray": "3.0.4"
      }
    },
    "loose-envify": {
      "version": "1.3.1",
      "resolved": "https://registry.npmjs.org/loose-envify/-/loose-envify-1.3.1.tgz",
      "integrity": "sha1-0aitM/qc4OcT1l/dCsi3SNR4yEg=",
      "requires": {
        "js-tokens": "3.0.2"
      }
    },
    "media-typer": {
      "version": "0.3.0",
      "resolved": "https://registry.npmjs.org/media-typer/-/media-typer-0.3.0.tgz",
      "integrity": "sha1-hxDXrwqmJvj/+hzgAWhUUmMlV0g="
    },
    "merge-descriptors": {
      "version": "1.0.1",
      "resolved": "https://registry.npmjs.org/merge-descriptors/-/merge-descriptors-1.0.1.tgz",
      "integrity": "sha1-sAqqVW3YtEVoFQ7J0blT8/kMu2E="
    },
    "methods": {
      "version": "1.1.2",
      "resolved": "https://registry.npmjs.org/methods/-/methods-1.1.2.tgz",
      "integrity": "sha1-VSmk1nZUE07cxSZmVoNbD4Ua/O4="
    },
    "mime": {
      "version": "1.4.1",
      "resolved": "https://registry.npmjs.org/mime/-/mime-1.4.1.tgz",
      "integrity": "sha512-KI1+qOZu5DcW6wayYHSzR/tXKCDC5Om4s1z2QJjDULzLcmf3DvzS7oluY4HCTrc+9FiKmWUgeNLg7W3uIQvxtQ=="
    },
    "mime-db": {
      "version": "1.30.0",
      "resolved": "https://registry.npmjs.org/mime-db/-/mime-db-1.30.0.tgz",
      "integrity": "sha1-dMZD2i3Z1qRTmZY0ZbJtXKfXHwE="
    },
    "mime-types": {
      "version": "2.1.17",
      "resolved": "https://registry.npmjs.org/mime-types/-/mime-types-2.1.17.tgz",
      "integrity": "sha1-Cdejk/A+mVp5+K+Fe3Cp4KsWVXo=",
      "requires": {
        "mime-db": "1.30.0"
      }
    },
    "mongodb": {
      "version": "2.2.33",
      "resolved": "https://registry.npmjs.org/mongodb/-/mongodb-2.2.33.tgz",
      "integrity": "sha1-tTfEcdNKZlG0jzb9vyl1A0Dgi1A=",
      "requires": {
        "es6-promise": "3.2.1",
        "mongodb-core": "2.1.17",
        "readable-stream": "2.2.7"
      }
    },
    "mongodb-core": {
      "version": "2.1.17",
      "resolved": "https://registry.npmjs.org/mongodb-core/-/mongodb-core-2.1.17.tgz",
      "integrity": "sha1-pBizN6FKFJkPtRC5I97mqBMXPfg=",
      "requires": {
        "bson": "1.0.4",
        "require_optional": "1.0.1"
      }
    },
    "mongoose": {
      "version": "4.13.7",
      "resolved": "https://registry.npmjs.org/mongoose/-/mongoose-4.13.7.tgz",
      "integrity": "sha512-3VPcGQWaTzT/OVK+TpE9dGpNHBnEqFX2RmbFr1XvbsKmxPsL9kaRBSHqaQ8QEMd6CUeOYMRdH1pKRrlnCenRsg==",
      "requires": {
        "async": "2.1.4",
        "bson": "1.0.4",
        "hooks-fixed": "2.0.2",
        "kareem": "1.5.0",
        "lodash.get": "4.4.2",
        "mongodb": "2.2.33",
        "mpath": "0.3.0",
        "mpromise": "0.5.5",
        "mquery": "2.3.3",
        "ms": "2.0.0",
        "muri": "1.3.0",
        "regexp-clone": "0.0.1",
        "sliced": "1.0.1"
      }
    },
    "mpath": {
      "version": "0.3.0",
      "resolved": "https://registry.npmjs.org/mpath/-/mpath-0.3.0.tgz",
      "integrity": "sha1-elj3iem1/TyUUgY0FXlg8mvV70Q="
    },
    "mpromise": {
      "version": "0.5.5",
      "resolved": "https://registry.npmjs.org/mpromise/-/mpromise-0.5.5.tgz",
      "integrity": "sha1-9bJCWddjrMIlewoMjG2Gb9UXMuY="
    },
    "mquery": {
      "version": "2.3.3",
      "resolved": "https://registry.npmjs.org/mquery/-/mquery-2.3.3.tgz",
      "integrity": "sha512-NC8L14kn+qxJbbJ1gbcEMDxF0sC3sv+1cbRReXXwVvowcwY1y9KoVZFq0ebwARibsadu8lx8nWGvm3V0Pf0ZWQ==",
      "requires": {
        "bluebird": "3.5.0",
        "debug": "2.6.9",
        "regexp-clone": "0.0.1",
        "sliced": "0.0.5"
      },
      "dependencies": {
        "sliced": {
          "version": "0.0.5",
          "resolved": "https://registry.npmjs.org/sliced/-/sliced-0.0.5.tgz",
          "integrity": "sha1-XtwETKTrb3gW1Qui/GPiXY/kcH8="
        }
      }
    },
    "ms": {
      "version": "2.0.0",
      "resolved": "https://registry.npmjs.org/ms/-/ms-2.0.0.tgz",
      "integrity": "sha1-VgiurfwAvmwpAd9fmGF4jeDVl8g="
    },
    "muri": {
      "version": "1.3.0",
      "resolved": "https://registry.npmjs.org/muri/-/muri-1.3.0.tgz",
      "integrity": "sha512-FiaFwKl864onHFFUV/a2szAl7X0fxVlSKNdhTf+BM8i8goEgYut8u5P9MqQqIYwvaMxjzVESsoEm/2kfkFH1rg=="
    },
    "negotiator": {
      "version": "0.6.1",
      "resolved": "https://registry.npmjs.org/negotiator/-/negotiator-0.6.1.tgz",
      "integrity": "sha1-KzJxhOiZIQEXeyhWP7XnECrNDKk="
    },
    "node-fetch": {
      "version": "1.7.3",
      "resolved": "https://registry.npmjs.org/node-fetch/-/node-fetch-1.7.3.tgz",
      "integrity": "sha512-NhZ4CsKx7cYm2vSrBAr2PvFOe6sWDf0UYLRqA6svUYg7+/TSfVAu49jYC4BvQ4Sms9SZgdqGBgroqfDhJdTyKQ==",
      "requires": {
        "encoding": "0.1.12",
        "is-stream": "1.1.0"
      }
    },
    "normalize.css": {
      "version": "7.0.0",
      "resolved": "https://registry.npmjs.org/normalize.css/-/normalize.css-7.0.0.tgz",
      "integrity": "sha1-q/sd2CRwZ04DIrU86xqvQSk45L8="
    },
    "object-assign": {
      "version": "4.1.1",
      "resolved": "https://registry.npmjs.org/object-assign/-/object-assign-4.1.1.tgz",
      "integrity": "sha1-IQmtx5ZYh8/AXLvUQsrIv7s2CGM="
    },
    "on-finished": {
      "version": "2.3.0",
      "resolved": "https://registry.npmjs.org/on-finished/-/on-finished-2.3.0.tgz",
      "integrity": "sha1-IPEzZIGwg811M3mSoWlxqi2QaUc=",
      "requires": {
        "ee-first": "1.1.1"
      }
    },
    "parseurl": {
      "version": "1.3.2",
      "resolved": "https://registry.npmjs.org/parseurl/-/parseurl-1.3.2.tgz",
      "integrity": "sha1-/CidTtiZMRlGDBViUyYs3I3mW/M="
    },
    "path-to-regexp": {
      "version": "0.1.7",
      "resolved": "https://registry.npmjs.org/path-to-regexp/-/path-to-regexp-0.1.7.tgz",
      "integrity": "sha1-32BBeABfUi8V60SQ5yR6G/qmf4w="
    },
    "performance-now": {
      "version": "2.1.0",
      "resolved": "https://registry.npmjs.org/performance-now/-/performance-now-2.1.0.tgz",
      "integrity": "sha1-Ywn04OX6kT7BxpMHrjZLSzd8nns="
    },
    "process-nextick-args": {
      "version": "1.0.7",
      "resolved": "https://registry.npmjs.org/process-nextick-args/-/process-nextick-args-1.0.7.tgz",
      "integrity": "sha1-FQ4gt1ZZCtP5EJPyWk8q2L/zC6M="
    },
    "promise": {
      "version": "7.3.1",
      "resolved": "https://registry.npmjs.org/promise/-/promise-7.3.1.tgz",
      "integrity": "sha512-nolQXZ/4L+bP/UGlkfaIujX9BKxGwmQ9OT4mOt5yvy8iK1h3wqTEJCijzGANTCCl9nWjY41juyAn2K3Q1hLLTg==",
      "requires": {
        "asap": "2.0.6"
      }
    },
    "prop-types": {
      "version": "15.6.0",
      "resolved": "https://registry.npmjs.org/prop-types/-/prop-types-15.6.0.tgz",
      "integrity": "sha1-zq8IMCL8RrSjX2nhPvda7Q1jmFY=",
      "requires": {
        "fbjs": "0.8.16",
        "loose-envify": "1.3.1",
        "object-assign": "4.1.1"
      }
    },
    "proxy-addr": {
      "version": "2.0.2",
      "resolved": "https://registry.npmjs.org/proxy-addr/-/proxy-addr-2.0.2.tgz",
      "integrity": "sha1-ZXFQT0e7mI7IGAJT+F3X4UlSvew=",
      "requires": {
        "forwarded": "0.1.2",
        "ipaddr.js": "1.5.2"
      }
    },
    "qs": {
      "version": "6.5.1",
      "resolved": "https://registry.npmjs.org/qs/-/qs-6.5.1.tgz",
      "integrity": "sha512-eRzhrN1WSINYCDCbrz796z37LOe3m5tmW7RQf6oBntukAG1nmovJvhnwHHRMAfeoItc1m2Hk02WER2aQ/iqs+A=="
    },
    "raf": {
      "version": "3.4.0",
      "resolved": "https://registry.npmjs.org/raf/-/raf-3.4.0.tgz",
      "integrity": "sha512-pDP/NMRAXoTfrhCfyfSEwJAKLaxBU9eApMeBPB1TkDouZmvPerIClV8lTAd+uF8ZiTaVl69e1FCxQrAd/VTjGw==",
      "requires": {
        "performance-now": "2.1.0"
      }
    },
    "range-parser": {
      "version": "1.2.0",
      "resolved": "https://registry.npmjs.org/range-parser/-/range-parser-1.2.0.tgz",
      "integrity": "sha1-9JvmtIeJTdxA3MlKMi9hEJLgDV4="
    },
    "raw-body": {
      "version": "2.3.2",
      "resolved": "https://registry.npmjs.org/raw-body/-/raw-body-2.3.2.tgz",
      "integrity": "sha1-vNYMd9Prk83gBQKVw/N5OJvIj4k=",
      "requires": {
        "bytes": "3.0.0",
        "http-errors": "1.6.2",
        "iconv-lite": "0.4.19",
        "unpipe": "1.0.0"
      }
    },
    "rc-align": {
      "version": "2.3.5",
      "resolved": "https://registry.npmjs.org/rc-align/-/rc-align-2.3.5.tgz",
      "integrity": "sha512-V1AN/gMNiJ3vOzbY/H3CTxhzYH+Ri2KlsEpo1SN8/SYmI4I/ZfQpScFAgmERuIGcLStA2sOEeBNVpH2FaOd2hA==",
      "requires": {
        "babel-runtime": "6.26.0",
        "dom-align": "1.6.6",
        "prop-types": "15.6.0",
        "rc-util": "4.3.1"
      }
    },
    "rc-animate": {
      "version": "2.4.1",
      "resolved": "https://registry.npmjs.org/rc-animate/-/rc-animate-2.4.1.tgz",
      "integrity": "sha512-hixobyAvDv0Oz4gHPOh67K4ck5Rz3JBBojBuKzYcu4b8JKMIiJxym83DfkkkYxXEEx/rwGf0mU0Dno/lbWghIQ==",
      "requires": {
        "babel-runtime": "6.26.0",
        "css-animation": "1.4.1",
        "prop-types": "15.6.0"
      }
    },
    "rc-checkbox": {
      "version": "2.0.3",
      "resolved": "https://registry.npmjs.org/rc-checkbox/-/rc-checkbox-2.0.3.tgz",
      "integrity": "sha1-Q2qdUIlI4iSYDwU16nOLSBd6jyU=",
      "requires": {
        "babel-runtime": "6.26.0",
        "classnames": "2.2.5",
        "prop-types": "15.6.0",
        "rc-util": "4.3.1"
      }
    },
    "rc-collapse": {
      "version": "1.7.6",
      "resolved": "https://registry.npmjs.org/rc-collapse/-/rc-collapse-1.7.6.tgz",
      "integrity": "sha512-REqPFBh2N+/skEhk+pfO8phneRZCYCSR1YGAqQUJBrauZvfwaphL86WqSxGUVdy8KeIRl3gNw0J/b3lkD4yLxQ==",
      "requires": {
        "classnames": "2.2.5",
        "css-animation": "1.4.1",
        "prop-types": "15.6.0",
        "rc-animate": "2.4.1"
      }
    },
    "rc-drawer": {
      "version": "0.4.11",
      "resolved": "https://registry.npmjs.org/rc-drawer/-/rc-drawer-0.4.11.tgz",
      "integrity": "sha1-lPquwoGDq5DxNfDf4kTcoUz+55k=",
      "requires": {
        "babel-runtime": "6.26.0",
        "classnames": "2.2.5",
        "prop-types": "15.6.0"
      }
    },
    "rc-gesture": {
      "version": "0.0.15",
      "resolved": "https://registry.npmjs.org/rc-gesture/-/rc-gesture-0.0.15.tgz",
      "integrity": "sha512-HGXQsON97ADTALWssNoV7kY9LrMqUekR9OQ5b0mj3np516ECIWlnQLSVePddrq8k9P4FLHqe9M/vjNKbHcje2w==",
      "requires": {
        "babel-runtime": "6.26.0"
      }
    },
    "rc-notification": {
      "version": "3.0.0",
      "resolved": "https://registry.npmjs.org/rc-notification/-/rc-notification-3.0.0.tgz",
      "integrity": "sha512-H4mM9cuGf4iuyBe2UY4GFibB5XNN3KGt/UkQaH9XkXM5/m3sQY5rtwgngKk6Squqxbh7BjGEGLA97bFj1cyJ1Q==",
      "requires": {
        "babel-runtime": "6.26.0",
        "classnames": "2.2.5",
        "prop-types": "15.6.0",
        "rc-animate": "2.4.1",
        "rc-util": "4.3.1"
      }
    },
    "rc-slider": {
      "version": "8.2.0",
      "resolved": "https://registry.npmjs.org/rc-slider/-/rc-slider-8.2.0.tgz",
      "integrity": "sha1-rjfRcUTK1g4dpurA7k/8/qCwpug=",
      "requires": {
        "babel-runtime": "6.26.0",
        "classnames": "2.2.5",
        "prop-types": "15.6.0",
        "rc-tooltip": "3.7.0",
        "rc-util": "4.3.1",
        "shallowequal": "1.0.2",
        "warning": "3.0.0"
      },
      "dependencies": {
        "shallowequal": {
          "version": "1.0.2",
          "resolved": "https://registry.npmjs.org/shallowequal/-/shallowequal-1.0.2.tgz",
          "integrity": "sha512-zlVXeVUKvo+HEv1e2KQF/csyeMKx2oHvatQ9l6XjCUj3agvC8XGf6R9HvIPDSmp8FNPvx7b5kaEJTRi7CqxtEw=="
        }
      }
    },
    "rc-swipeout": {
      "version": "2.0.4",
      "resolved": "https://registry.npmjs.org/rc-swipeout/-/rc-swipeout-2.0.4.tgz",
      "integrity": "sha512-feYCvxn8cjJmnyy79LpUfOkNTAW92vuyJjUINGz08R6lyhWUroFJBPwuMLgEG81u/3xWFJL3pCkBSazKi7HMKg==",
      "requires": {
        "babel-runtime": "6.26.0",
        "classnames": "2.2.5",
        "rc-gesture": "0.0.15",
        "react-native-swipeout": "2.3.3"
      }
    },
    "rc-tooltip": {
      "version": "3.7.0",
      "resolved": "https://registry.npmjs.org/rc-tooltip/-/rc-tooltip-3.7.0.tgz",
      "integrity": "sha512-xEoUMatXp8OEL61UFH0+NrC39nkKzpOBhLrJCnnRpDRduU8L3DOhF6CNlIMkvg68hxlGGdquFtFw2t+1xNLX5A==",
      "requires": {
        "babel-runtime": "6.26.0",
        "prop-types": "15.6.0",
        "rc-trigger": "2.3.3"
      }
    },
    "rc-trigger": {
      "version": "2.3.3",
      "resolved": "https://registry.npmjs.org/rc-trigger/-/rc-trigger-2.3.3.tgz",
      "integrity": "sha512-j8MHq0jES4vXShFbSExyty/WVR238lrZzUfsSaIDeiziBIiUAOP6SR2HBEi2gSGK239Jm3bWIJvwGA85kFMgmQ==",
      "requires": {
        "babel-runtime": "6.26.0",
        "create-react-class": "15.6.2",
        "prop-types": "15.6.0",
        "rc-align": "2.3.5",
        "rc-animate": "2.4.1",
        "rc-util": "4.3.1"
      }
    },
    "rc-util": {
      "version": "4.3.1",
      "resolved": "https://registry.npmjs.org/rc-util/-/rc-util-4.3.1.tgz",
      "integrity": "sha512-OVNMKLePnwn0dCX/Gpc+/kGEDpmMo1Rfesg9xFcAckRd+D+YwVqV+dUJMHugP+4nRtbXi55o0HwPlkKIApYfQA==",
      "requires": {
        "add-dom-event-listener": "1.0.2",
        "babel-runtime": "6.26.0",
        "prop-types": "15.6.0",
        "shallowequal": "0.2.2"
      }
    },
    "react-native-camera-roll-picker": {
      "version": "1.2.3",
      "resolved": "https://registry.npmjs.org/react-native-camera-roll-picker/-/react-native-camera-roll-picker-1.2.3.tgz",
      "integrity": "sha1-sRf9OiuQEtzM7hJhqbxCcia41tI="
    },
    "react-native-collapsible": {
      "version": "0.9.0",
      "resolved": "https://registry.npmjs.org/react-native-collapsible/-/react-native-collapsible-0.9.0.tgz",
      "integrity": "sha512-AD0OcjrhOgj0/XoaDK5O3RKqfVRUdGi/MNqt1UsnFCEi+qaXci26YNBWBQq7tybBWaqVn5zRLVHJjQBNy4hmWg==",
      "requires": {
        "prop-types": "15.6.0"
      }
    },
    "react-native-dismiss-keyboard": {
      "version": "1.0.0",
      "resolved": "https://registry.npmjs.org/react-native-dismiss-keyboard/-/react-native-dismiss-keyboard-1.0.0.tgz",
      "integrity": "sha1-MohiQrPyMX4SHzrrmwpYXiuHm0k="
    },
    "react-native-drawer-layout": {
      "version": "1.3.2",
      "resolved": "https://registry.npmjs.org/react-native-drawer-layout/-/react-native-drawer-layout-1.3.2.tgz",
      "integrity": "sha512-fjO0scqbJUfNu2wuEpvywL7DYLXuCXJ2W/zYhWz986rdLytidbys1QGVvkaszHrb4Y7OqO96mTkgpOcP8KWevw==",
      "requires": {
        "react-native-dismiss-keyboard": "1.0.0"
      }
    },
    "react-native-menu": {
      "version": "0.23.0",
      "resolved": "https://registry.npmjs.org/react-native-menu/-/react-native-menu-0.23.0.tgz",
      "integrity": "sha1-PAIyOa7ZXUGSdd9QwZmYKtfrBis=",
      "requires": {
        "create-react-class": "15.6.2",
        "prop-types": "15.6.0",
        "react-timer-mixin": "0.13.3"
      }
    },
    "react-native-swipeout": {
      "version": "2.3.3",
      "resolved": "https://registry.npmjs.org/react-native-swipeout/-/react-native-swipeout-2.3.3.tgz",
      "integrity": "sha512-q8cC30peGBH6m5rPG7PvJ4fQFxFMixzCdjeg/4DqwP66R8B2fxXtzWhV7XbOouS6O4VaXZdQDFKDwizma44fjg==",
      "requires": {
        "create-react-class": "15.6.2",
        "prop-types": "15.6.0",
        "react-tween-state": "0.1.5"
      }
    },
    "react-timer-mixin": {
      "version": "0.13.3",
      "resolved": "https://registry.npmjs.org/react-timer-mixin/-/react-timer-mixin-0.13.3.tgz",
      "integrity": "sha1-Dai5+AfsB9w+hU0ILHN8ZWBbPSI="
    },
    "react-tween-state": {
      "version": "0.1.5",
      "resolved": "https://registry.npmjs.org/react-tween-state/-/react-tween-state-0.1.5.tgz",
      "integrity": "sha1-6YsGZVHvuTy5LdG+FJlcLj3q4zk=",
      "requires": {
        "raf": "3.4.0",
        "tween-functions": "1.2.0"
      }
    },
    "readable-stream": {
      "version": "2.2.7",
      "resolved": "https://registry.npmjs.org/readable-stream/-/readable-stream-2.2.7.tgz",
      "integrity": "sha1-BwV6y+JGeyIELTb5jFrVBwVOlbE=",
      "requires": {
        "buffer-shims": "1.0.0",
        "core-util-is": "1.0.2",
        "inherits": "2.0.3",
        "isarray": "1.0.0",
        "process-nextick-args": "1.0.7",
        "string_decoder": "1.0.3",
        "util-deprecate": "1.0.2"
      }
    },
    "regenerator-runtime": {
      "version": "0.11.1",
      "resolved": "https://registry.npmjs.org/regenerator-runtime/-/regenerator-runtime-0.11.1.tgz",
      "integrity": "sha512-MguG95oij0fC3QV3URf4V2SDYGJhJnJGqvIIgdECeODCT98wSWDAJ94SSuVpYQUoTcGUIL6L4yNB7j1DFFHSBg=="
    },
    "regexp-clone": {
      "version": "0.0.1",
      "resolved": "https://registry.npmjs.org/regexp-clone/-/regexp-clone-0.0.1.tgz",
      "integrity": "sha1-p8LgmJH9vzj7sQ03b7cwA+aKxYk="
    },
    "require_optional": {
      "version": "1.0.1",
      "resolved": "https://registry.npmjs.org/require_optional/-/require_optional-1.0.1.tgz",
      "integrity": "sha512-qhM/y57enGWHAe3v/NcwML6a3/vfESLe/sGM2dII+gEO0BpKRUkWZow/tyloNqJyN6kXSl3RyyM8Ll5D/sJP8g==",
      "requires": {
        "resolve-from": "2.0.0",
        "semver": "5.4.1"
      }
    },
    "resolve-from": {
      "version": "2.0.0",
      "resolved": "https://registry.npmjs.org/resolve-from/-/resolve-from-2.0.0.tgz",
      "integrity": "sha1-lICrIOlP+h2egKgEx+oUdhGWa1c="
    },
    "rmc-align": {
      "version": "1.0.0",
      "resolved": "https://registry.npmjs.org/rmc-align/-/rmc-align-1.0.0.tgz",
      "integrity": "sha512-3gEa5/+hqqoEVoeQ25KoRc8DOsXIdSaVpaBq1zQFaV941LR3xvZIRTlxTDT/IagYwoGM1KZea/jd7cNMYP34Rg==",
      "requires": {
        "babel-runtime": "6.26.0",
        "dom-align": "1.6.6",
        "rc-util": "4.3.1"
      }
    },
    "rmc-calendar": {
      "version": "1.1.2",
      "resolved": "https://registry.npmjs.org/rmc-calendar/-/rmc-calendar-1.1.2.tgz",
      "integrity": "sha512-9s+KEZl4+6kwxP+saGvwdQc+XeZB86CJ4paV0KJlOFR491N1kOsfjUaeDvDlqmI7vF+G+iGrkCkTX77ecTmpcw==",
      "requires": {
        "babel-runtime": "6.26.0",
        "rc-animate": "2.4.1",
        "rmc-date-picker": "6.0.5"
      }
    },
    "rmc-cascader": {
      "version": "5.0.0",
      "resolved": "https://registry.npmjs.org/rmc-cascader/-/rmc-cascader-5.0.0.tgz",
      "integrity": "sha512-e/4JlrBTO1BFdT+vexcyJ38Z2xKO0S2voxzV7CCVbKfpR48QW3UwzY3MyzFe6j2uIncj8gyhxWwczpvLMeGEpg==",
      "requires": {
        "array-tree-filter": "1.0.1",
        "babel-runtime": "6.26.0",
        "rmc-picker": "5.0.4"
      }
    },
    "rmc-date-picker": {
      "version": "6.0.5",
      "resolved": "https://registry.npmjs.org/rmc-date-picker/-/rmc-date-picker-6.0.5.tgz",
      "integrity": "sha512-Ahz5x0zphivBhgDikugHfEkUGvnrzcT41xqNT6xRY8S8LVPt4fFROrDQYsh16uW1u9bViGzOaQPY5vwgeRSfbQ==",
      "requires": {
        "babel-runtime": "6.26.0",
        "rmc-picker": "5.0.4"
      }
    },
    "rmc-dialog": {
      "version": "1.0.6",
      "resolved": "https://registry.npmjs.org/rmc-dialog/-/rmc-dialog-1.0.6.tgz",
      "integrity": "sha512-RQ+vNpnNVtysIqWtVxGMHABIQKmqfXoZS901OLbBsQp/IdBjX6RVPUFNf6y6BsZL0WmnWkAFr2baGIY+57iNVw==",
      "requires": {
        "babel-runtime": "6.26.0",
        "rc-animate": "2.4.1"
      }
    },
    "rmc-feedback": {
      "version": "1.0.3",
      "resolved": "https://registry.npmjs.org/rmc-feedback/-/rmc-feedback-1.0.3.tgz",
      "integrity": "sha512-DtqPIMnjQW3IVIz2PlrGUrDan64K4CxPam00tUWd6jDNLdAQ9o6ogGaYfA3DGUZDuQoB8nNhvfB3PQJZ6eS1lw==",
      "requires": {
        "babel-runtime": "6.26.0",
        "classnames": "2.2.5"
      }
    },
    "rmc-input-number": {
      "version": "1.0.4",
      "resolved": "https://registry.npmjs.org/rmc-input-number/-/rmc-input-number-1.0.4.tgz",
      "integrity": "sha512-iFXWd6mW6DxHp8a/a30gAnv75BXvbvBDbsBkOY9kKKPxyzikirUFQoIO57FvU+3UngjfL6wfuNE+rN+C7NqwoA==",
      "requires": {
        "babel-runtime": "6.26.0",
        "classnames": "2.2.5",
        "rmc-feedback": "1.0.3"
      }
    },
    "rmc-list-view": {
      "version": "0.11.4",
      "resolved": "https://registry.npmjs.org/rmc-list-view/-/rmc-list-view-0.11.4.tgz",
      "integrity": "sha512-I9FhlKQ63rUKhzoTbrIqlWsOeK5QVvwQQksTWKCHJm4ce8XXbxI33I76WpTqTUutWBmJfpAqcXBEyffTnH/5Cg==",
      "requires": {
        "babel-runtime": "6.26.0",
        "classnames": "2.2.5",
        "fbjs": "0.8.16",
        "prop-types": "15.6.0",
        "warning": "3.0.0",
        "zscroller": "0.4.7"
      }
    },
    "rmc-nuka-carousel": {
      "version": "3.0.1",
      "resolved": "https://registry.npmjs.org/rmc-nuka-carousel/-/rmc-nuka-carousel-3.0.1.tgz",
      "integrity": "sha512-w2EPTERMUUZqcUSKFuejjin7xsMlhrLrtS0A/igTXpFJGq3kemDKcRi7q3pSYDuZBHYBl5iV4UqsLLkjdFtrYA==",
      "requires": {
        "exenv": "1.2.2",
        "raf": "3.4.0"
      }
    },
    "rmc-picker": {
      "version": "5.0.4",
      "resolved": "https://registry.npmjs.org/rmc-picker/-/rmc-picker-5.0.4.tgz",
      "integrity": "sha512-a8pQ8jj77/NUYSAOP3Ywp50IOZp4vKueG+OnSDxRQ41/jR669uZ68FCRzmwN9/scE7yvCENJJqsY9E2wg+vDVA==",
      "requires": {
        "babel-runtime": "6.26.0",
        "classnames": "2.2.5",
        "rmc-dialog": "1.0.6",
        "rmc-feedback": "1.0.3"
      }
    },
    "rmc-pull-to-refresh": {
      "version": "1.0.6",
      "resolved": "https://registry.npmjs.org/rmc-pull-to-refresh/-/rmc-pull-to-refresh-1.0.6.tgz",
      "integrity": "sha512-ArpcjoaDir0sNH7RU61Q8vjk84Uq4INRdb/TPt+kN9GsUgyHApyAEnyopcixN1VVVTOGXu3VLs/rmfjfGHE0PQ==",
      "requires": {
        "babel-runtime": "6.26.0",
        "classnames": "2.2.5"
      }
    },
    "rmc-steps": {
      "version": "1.0.0",
      "resolved": "https://registry.npmjs.org/rmc-steps/-/rmc-steps-1.0.0.tgz",
      "integrity": "sha512-VuQEPC2P4PQ7DdZDCIbGfFTfzzTwLAyey+fSJUolc4qheIE7bN4oogH2xDZurM2TTpAQHg2aMMv4E6JYyVbUqA==",
      "requires": {
        "babel-runtime": "6.26.0",
        "classnames": "2.2.5"
      }
    },
    "rmc-tabs": {
      "version": "1.2.22",
      "resolved": "https://registry.npmjs.org/rmc-tabs/-/rmc-tabs-1.2.22.tgz",
      "integrity": "sha512-9LfP0wI50LU+l4LGK4ldRA2FoUzVHT9Gujh3apjUHkLJnXAuA/pshZNLUPVFfSW5hD5JuofE3j44BDI14vZokQ==",
      "requires": {
        "babel-runtime": "6.26.0",
        "rc-gesture": "0.0.15"
      }
    },
    "rmc-tooltip": {
      "version": "1.0.1",
      "resolved": "https://registry.npmjs.org/rmc-tooltip/-/rmc-tooltip-1.0.1.tgz",
      "integrity": "sha512-fSDArf2BlMVrHExmBiqb2TkCRJHshvXFJQ/7tMraLellwaJLNiwrxtWpW329k3S+zTtoVG8UxFS1TjBGEsMzRg==",
      "requires": {
        "babel-runtime": "6.26.0",
        "rmc-trigger": "1.0.9"
      }
    },
    "rmc-trigger": {
      "version": "1.0.9",
      "resolved": "https://registry.npmjs.org/rmc-trigger/-/rmc-trigger-1.0.9.tgz",
      "integrity": "sha512-rZcgt8xx8P90brIKByMNH9ptoSzMKLmQvVw2QAw+OJkHaEODNGYAUFzJRkNhoYU9osfWGDwI3LsSvAZq1HibwA==",
      "requires": {
        "babel-runtime": "6.26.0",
        "rc-animate": "2.4.1",
        "rc-util": "4.3.1",
        "rmc-align": "1.0.0"
      }
    },
    "rn-topview": {
      "version": "0.1.6",
      "resolved": "https://registry.npmjs.org/rn-topview/-/rn-topview-0.1.6.tgz",
      "integrity": "sha512-Dq9/Acbj5R9w9hK05+CiZ2Y4ZPE+6ih3EodBc+Kde9oYWeG/IDPxWuRygyAQDyXnnieRyRqrzCbuQ6L8ib31IA=="
    },
    "safe-buffer": {
      "version": "5.1.1",
      "resolved": "https://registry.npmjs.org/safe-buffer/-/safe-buffer-5.1.1.tgz",
      "integrity": "sha512-kKvNJn6Mm93gAczWVJg7wH+wGYWNrDHdWvpUmHyEsgCtIwwo3bqPtV4tR5tuPaUhTOo/kvhVwd8XwwOllGYkbg=="
    },
    "semver": {
      "version": "5.4.1",
      "resolved": "https://registry.npmjs.org/semver/-/semver-5.4.1.tgz",
      "integrity": "sha512-WfG/X9+oATh81XtllIo/I8gOiY9EXRdv1cQdyykeXK17YcUW3EXUAi2To4pcH6nZtJPr7ZOpM5OMyWJZm+8Rsg=="
    },
    "send": {
      "version": "0.16.1",
      "resolved": "https://registry.npmjs.org/send/-/send-0.16.1.tgz",
      "integrity": "sha512-ElCLJdJIKPk6ux/Hocwhk7NFHpI3pVm/IZOYWqUmoxcgeyM+MpxHHKhb8QmlJDX1pU6WrgaHBkVNm73Sv7uc2A==",
      "requires": {
        "debug": "2.6.9",
        "depd": "1.1.1",
        "destroy": "1.0.4",
        "encodeurl": "1.0.1",
        "escape-html": "1.0.3",
        "etag": "1.8.1",
        "fresh": "0.5.2",
        "http-errors": "1.6.2",
        "mime": "1.4.1",
        "ms": "2.0.0",
        "on-finished": "2.3.0",
        "range-parser": "1.2.0",
        "statuses": "1.3.1"
      }
    },
    "serve-static": {
      "version": "1.13.1",
      "resolved": "https://registry.npmjs.org/serve-static/-/serve-static-1.13.1.tgz",
      "integrity": "sha512-hSMUZrsPa/I09VYFJwa627JJkNs0NrfL1Uzuup+GqHfToR2KcsXFymXSV90hoyw3M+msjFuQly+YzIH/q0MGlQ==",
      "requires": {
        "encodeurl": "1.0.1",
        "escape-html": "1.0.3",
        "parseurl": "1.3.2",
        "send": "0.16.1"
      }
    },
    "setimmediate": {
      "version": "1.0.5",
      "resolved": "https://registry.npmjs.org/setimmediate/-/setimmediate-1.0.5.tgz",
      "integrity": "sha1-KQy7Iy4waULX1+qbg3Mqt4VvgoU="
    },
    "setprototypeof": {
      "version": "1.1.0",
      "resolved": "https://registry.npmjs.org/setprototypeof/-/setprototypeof-1.1.0.tgz",
      "integrity": "sha512-BvE/TwpZX4FXExxOxZyRGQQv651MSwmWKZGqvmPcRIjDqWub67kTKuIMx43cZZrS/cBBzwBcNDWoFxt2XEFIpQ=="
    },
    "shallowequal": {
      "version": "0.2.2",
      "resolved": "https://registry.npmjs.org/shallowequal/-/shallowequal-0.2.2.tgz",
      "integrity": "sha1-HjL9W8q2rWiKSBLLDMBO/HXHAU4=",
      "requires": {
        "lodash.keys": "3.1.2"
      }
    },
    "sliced": {
      "version": "1.0.1",
      "resolved": "https://registry.npmjs.org/sliced/-/sliced-1.0.1.tgz",
      "integrity": "sha1-CzpmK10Ewxd7GSa+qCsD+Dei70E="
    },
    "statuses": {
      "version": "1.3.1",
      "resolved": "https://registry.npmjs.org/statuses/-/statuses-1.3.1.tgz",
      "integrity": "sha1-+vUbnrdKrvOzrPStX2Gr8ky3uT4="
    },
    "string_decoder": {
      "version": "1.0.3",
      "resolved": "https://registry.npmjs.org/string_decoder/-/string_decoder-1.0.3.tgz",
      "integrity": "sha512-4AH6Z5fzNNBcH+6XDMfA/BTt87skxqJlO0lAh3Dker5zThcAxG6mKz+iGu308UKoPPQ8Dcqx/4JhujzltRa+hQ==",
      "requires": {
        "safe-buffer": "5.1.1"
      }
    },
    "to-fast-properties": {
      "version": "2.0.0",
      "resolved": "https://registry.npmjs.org/to-fast-properties/-/to-fast-properties-2.0.0.tgz",
      "integrity": "sha1-3F5pjL0HkmW8c+A3doGk5Og/YW4="
    },
    "tween-functions": {
      "version": "1.2.0",
      "resolved": "https://registry.npmjs.org/tween-functions/-/tween-functions-1.2.0.tgz",
      "integrity": "sha1-GuOlDnxguz3vd06scHrLynO7w/8="
    },
    "type-is": {
      "version": "1.6.15",
      "resolved": "https://registry.npmjs.org/type-is/-/type-is-1.6.15.tgz",
      "integrity": "sha1-yrEPtJCeRByChC6v4a1kbIGARBA=",
      "requires": {
        "media-typer": "0.3.0",
        "mime-types": "2.1.17"
      }
    },
    "ua-parser-js": {
      "version": "0.7.17",
      "resolved": "https://registry.npmjs.org/ua-parser-js/-/ua-parser-js-0.7.17.tgz",
      "integrity": "sha512-uRdSdu1oA1rncCQL7sCj8vSyZkgtL7faaw9Tc9rZ3mGgraQ7+Pdx7w5mnOSF3gw9ZNG6oc+KXfkon3bKuROm0g=="
    },
    "unpipe": {
      "version": "1.0.0",
      "resolved": "https://registry.npmjs.org/unpipe/-/unpipe-1.0.0.tgz",
      "integrity": "sha1-sr9O6FFKrmFltIF4KdIbLvSZBOw="
    },
    "util-deprecate": {
      "version": "1.0.2",
      "resolved": "https://registry.npmjs.org/util-deprecate/-/util-deprecate-1.0.2.tgz",
      "integrity": "sha1-RQ1Nyfpw3nMnYvvS1KKJgUGaDM8="
    },
    "utils-merge": {
      "version": "1.0.1",
      "resolved": "https://registry.npmjs.org/utils-merge/-/utils-merge-1.0.1.tgz",
      "integrity": "sha1-n5VxD1CiZ5R7LMwSR0HBAoQn5xM="
    },
    "vary": {
      "version": "1.1.2",
      "resolved": "https://registry.npmjs.org/vary/-/vary-1.1.2.tgz",
      "integrity": "sha1-IpnwLG3tMNSllhsLn3RSShj2NPw="
    },
    "warning": {
      "version": "3.0.0",
      "resolved": "https://registry.npmjs.org/warning/-/warning-3.0.0.tgz",
      "integrity": "sha1-MuU3fLVy3kqwR1O9+IIcAe1gW3w=",
      "requires": {
        "loose-envify": "1.3.1"
      }
    },
    "whatwg-fetch": {
      "version": "2.0.3",
      "resolved": "https://registry.npmjs.org/whatwg-fetch/-/whatwg-fetch-2.0.3.tgz",
      "integrity": "sha1-nITsLc9oGH/wC8ZOEnS0QhduHIQ="
    },
    "zscroller": {
      "version": "0.4.7",
      "resolved": "https://registry.npmjs.org/zscroller/-/zscroller-0.4.7.tgz",
      "integrity": "sha1-OVbm59+1F1BY3w2pq65uSDQIj4o=",
      "requires": {
        "babel-runtime": "6.26.0"
      }
    }
  }
}
